
Microsoft Visual Studio Solution File, Format Version 12.00
# Visual Studio 2012
Project("{FAE04EC0-301F-11D3-BF4B-00C04F79EFBC}") = "perpustakaan-admin", "perpustakaan-app\perpustakaan-admin.csproj", "{89783576-B59A-4EC6-B613-7B53BB1AFF8B}"
EndProject
Project("{FAE04EC0-301F-11D3-BF4B-00C04F79EFBC}") = "perpustakaan-client", "perpustakaan-client\perpustakaan-client.csproj", "{708A11BE-6CCE-4FA5-8CA3-F608AC4B7F1A}"
EndProject
Global
	GlobalSection(SolutionConfigurationPlatforms) = preSolution
		Debug|Any CPU = Debug|Any CPU
		Debug|Mixed Platforms = Debug|Mixed Platforms
		Debug|x86 = Debug|x86
		Release|Any CPU = Release|Any CPU
		Release|Mixed Platforms = Release|Mixed Platforms
		Release|x86 = Release|x86
	EndGlobalSection
	GlobalSection(ProjectConfigurationPlatforms) = postSolution
		{89783576-B59A-4EC6-B613-7B53BB1AFF8B}.Debug|Any CPU.ActiveCfg = Debug|x86
		{89783576-B59A-4EC6-B613-7B53BB1AFF8B}.Debug|Mixed Platforms.ActiveCfg = Debug|x86
		{89783576-B59A-4EC6-B613-7B53BB1AFF8B}.Debug|Mixed Platforms.Build.0 = Debug|x86
		{89783576-B59A-4EC6-B613-7B53BB1AFF8B}.Debug|x86.ActiveCfg = Debug|x86
		{89783576-B59A-4EC6-B613-7B53BB1AFF8B}.Debug|x86.Build.0 = Debug|x86
		{89783576-B59A-4EC6-B613-7B53BB1AFF8B}.Release|Any CPU.ActiveCfg = Release|x86
		{89783576-B59A-4EC6-B613-7B53BB1AFF8B}.Release|Mixed Platforms.ActiveCfg = Release|x86
		{89783576-B59A-4EC6-B613-7B53BB1AFF8B}.Release|Mixed Platforms.Build.0 = Release|x86
		{89783576-B59A-4EC6-B613-7B53BB1AFF8B}.Release|x86.ActiveCfg = Release|x86
		{89783576-B59A-4EC6-B613-7B53BB1AFF8B}.Release|x86.Build.0 = Release|x86
		{708A11BE-6CCE-4FA5-8CA3-F608AC4B7F1A}.Debug|Any CPU.ActiveCfg = Debug|Any CPU
		{708A11BE-6CCE-4FA5-8CA3-F608AC4B7F1A}.Debug|Any CPU.Build.0 = Debug|Any CPU
		{708A11BE-6CCE-4FA5-8CA3-F608AC4B7F1A}.Debug|Mixed Platforms.ActiveCfg = Debug|Any CPU
		{708A11BE-6CCE-4FA5-8CA3-F608AC4B7F1A}.Debug|Mixed Platforms.Build.0 = Debug|Any CPU
		{708A11BE-6CCE-4FA5-8CA3-F608AC4B7F1A}.Debug|x86.ActiveCfg = Debug|Any CPU
		{708A11BE-6CCE-4FA5-8CA3-F608AC4B7F1A}.Release|Any CPU.ActiveCfg = Release|Any CPU
		{708A11BE-6CCE-4FA5-8CA3-F608AC4B7F1A}.Release|Any CPU.Build.0 = Release|Any CPU
		{708A11BE-6CCE-4FA5-8CA3-F608AC4B7F1A}.Release|Mixed Platforms.ActiveCfg = Release|Any CPU
		{708A11BE-6CCE-4FA5-8CA3-F608AC4B7F1A}.Release|Mixed Platforms.Build.0 = Release|Any CPU
		{708A11BE-6CCE-4FA5-8CA3-F608AC4B7F1A}.Release|x86.ActiveCfg = Release|Any CPU
	EndGlobalSection
	GlobalSection(SolutionProperties) = preSolution
		HideSolutionNode = FALSE
	EndGlobalSection
EndGlobal
